{
  "version": 4,
  "terraform_version": "1.14.4",
  "serial": 14,
  "lineage": "8b0f1639-114d-58f3-255a-1fdeab6a1727",
  "outputs": {
    "public_ip": {
      "value": "20.110.1.37",
      "type": "string"
    },
    "ssh_command": {
      "value": "ssh dante@20.110.1.37",
      "type": "string"
    }
  },
  "resources": [
    {
      "mode": "managed",
      "type": "azurerm_linux_virtual_machine",
      "name": "honeypot_vm",
      "provider": "provider[\"registry.terraform.io/hashicorp/azurerm\"]",
      "instances": [
        {
          "schema_version": 0,
          "attributes": {
            "additional_capabilities": [],
            "admin_password": "GlpT_23:A_sEFf",
            "admin_ssh_key": [],
            "admin_username": "dante",
            "allow_extension_operations": true,
            "availability_set_id": "",
            "boot_diagnostics": [],
            "bypass_platform_safety_checks_on_user_schedule_enabled": false,
            "capacity_reservation_group_id": "",
            "computer_name": "HoneypotVM",
            "custom_data": null,
            "dedicated_host_group_id": "",
            "dedicated_host_id": "",
            "disable_password_authentication": false,
            "disk_controller_type": "",
            "edge_zone": "",
            "encryption_at_host_enabled": false,
            "eviction_policy": "",
            "extensions_time_budget": "PT1H30M",
            "gallery_application": [],
            "id": "/subscriptions/b5868a69-a80e-492f-8a42-e360a0b9732c/resourceGroups/Honeypot-Terraform-RG/providers/Microsoft.Compute/virtualMachines/HoneypotVM",
            "identity": [],
            "license_type": "",
            "location": "eastus2",
            "max_bid_price": -1,
            "name": "HoneypotVM",
            "network_interface_ids": [
              "/subscriptions/b5868a69-a80e-492f-8a42-e360a0b9732c/resourceGroups/Honeypot-Terraform-RG/providers/Microsoft.Network/networkInterfaces/HoneypotNIC"
            ],
            "os_disk": [
              {
                "caching": "ReadWrite",
                "diff_disk_settings": [],
                "disk_encryption_set_id": "",
                "disk_size_gb": 30,
                "name": "HoneypotVM_OsDisk_1_591939337da14effa8be53470d6544ab",
                "secure_vm_disk_encryption_set_id": "",
                "security_encryption_type": "",
                "storage_account_type": "Standard_LRS",
                "write_accelerator_enabled": false
              }
            ],
            "os_image_notification": [],
            "patch_assessment_mode": "ImageDefault",
            "patch_mode": "ImageDefault",
            "plan": [],
            "platform_fault_domain": -1,
            "priority": "Regular",
            "private_ip_address": "10.0.1.4",
            "private_ip_addresses": [
              "10.0.1.4"
            ],
            "provision_vm_agent": true,
            "proximity_placement_group_id": "",
            "public_ip_address": "20.110.1.37",
            "public_ip_addresses": [
              "20.110.1.37"
            ],
            "reboot_setting": "",
            "resource_group_name": "Honeypot-Terraform-RG",
            "secret": [],
            "secure_boot_enabled": false,
            "size": "Standard_B1s",
            "source_image_id": "",
            "source_image_reference": [
              {
                "offer": "0001-com-ubuntu-server-jammy",
                "publisher": "Canonical",
                "sku": "22_04-lts",
                "version": "latest"
              }
            ],
            "tags": null,
            "termination_notification": null,
            "timeouts": null,
            "user_data": "",
            "virtual_machine_id": "191f0423-62ec-4a16-9a81-7f26b884f774",
            "virtual_machine_scale_set_id": "",
            "vm_agent_platform_updates_enabled": false,
            "vtpm_enabled": false,
            "zone": ""
          },
          "sensitive_attributes": [
            [
              {
                "type": "get_attr",
                "value": "admin_password"
              }
            ],
            [
              {
                "type": "get_attr",
                "value": "custom_data"
              }
            ]
          ],
          "identity_schema_version": 0,
          "private": "eyJlMmJmYjczMC1lY2FhLTExZTYtOGY4OC0zNDM2M2JjN2M0YzAiOnsiY3JlYXRlIjoyNzAwMDAwMDAwMDAwLCJkZWxldGUiOjI3MDAwMDAwMDAwMDAsInJlYWQiOjMwMDAwMDAwMDAwMCwidXBkYXRlIjoyNzAwMDAwMDAwMDAwfX0=",
          "dependencies": [
            "azurerm_network_interface.honeypot_nic",
            "azurerm_public_ip.honeypot_public_ip",
            "azurerm_resource_group.honeypot_rg",
            "azurerm_subnet.honeypot_subnet",
            "azurerm_virtual_network.honeypot_vnet"
          ]
        }
      ]
    },
    {
      "mode": "managed",
      "type": "azurerm_log_analytics_solution",
      "name": "sentinel",
      "provider": "provider[\"registry.terraform.io/hashicorp/azurerm\"]",
      "instances": [
        {
          "schema_version": 1,
          "attributes": {
            "id": "/subscriptions/b5868a69-a80e-492f-8a42-e360a0b9732c/resourceGroups/Honeypot-Terraform-RG/providers/Microsoft.OperationsManagement/solutions/SecurityInsights(HoneypotWorkspace)",
            "location": "eastus2",
            "plan": [
              {
                "name": "SecurityInsights(honeypotworkspace)",
                "product": "OMSGallery/SecurityInsights",
                "promotion_code": "",
                "publisher": "Microsoft"
              }
            ],
            "resource_group_name": "Honeypot-Terraform-RG",
            "solution_name": "SecurityInsights",
            "tags": null,
            "timeouts": null,
            "workspace_name": "HoneypotWorkspace",
            "workspace_resource_id": "/subscriptions/b5868a69-a80e-492f-8a42-e360a0b9732c/resourceGroups/Honeypot-Terraform-RG/providers/Microsoft.OperationalInsights/workspaces/HoneypotWorkspace"
          },
          "sensitive_attributes": [],
          "identity_schema_version": 0,
          "private": "eyJlMmJmYjczMC1lY2FhLTExZTYtOGY4OC0zNDM2M2JjN2M0YzAiOnsiY3JlYXRlIjoxODAwMDAwMDAwMDAwLCJkZWxldGUiOjE4MDAwMDAwMDAwMDAsInJlYWQiOjMwMDAwMDAwMDAwMCwidXBkYXRlIjoxODAwMDAwMDAwMDAwfSwic2NoZW1hX3ZlcnNpb24iOiIxIn0=",
          "dependencies": [
            "azurerm_log_analytics_workspace.honeypot_workspace",
            "azurerm_resource_group.honeypot_rg"
          ]
        }
      ]
    },
    {
      "mode": "managed",
      "type": "azurerm_log_analytics_workspace",
      "name": "honeypot_workspace",
      "provider": "provider[\"registry.terraform.io/hashicorp/azurerm\"]",
      "instances": [
        {
          "schema_version": 3,
          "attributes": {
            "allow_resource_only_permissions": true,
            "cmk_for_query_forced": false,
            "daily_quota_gb": -1,
            "data_collection_rule_id": "",
            "id": "/subscriptions/b5868a69-a80e-492f-8a42-e360a0b9732c/resourceGroups/Honeypot-Terraform-RG/providers/Microsoft.OperationalInsights/workspaces/HoneypotWorkspace",
            "identity": [],
            "immediate_data_purge_on_30_days_enabled": false,
            "internet_ingestion_enabled": true,
            "internet_query_enabled": true,
            "local_authentication_disabled": false,
            "location": "eastus2",
            "name": "HoneypotWorkspace",
            "primary_shared_key": "OXzitxVgdDlPw9JQ1hG2DqoCWycBbD4Ub6aQgMdmIX+HvU9b5xFtPQeCEhZfHiUS+vV1lkHaFhpIBd/hk715vg==",
            "reservation_capacity_in_gb_per_day": null,
            "resource_group_name": "Honeypot-Terraform-RG",
            "retention_in_days": 30,
            "secondary_shared_key": "gne+HLwoisEuVZoJLkCgV+UkUZIiQ3rdIl74F68XzxcVd+836+d6/hHVKfNgYxwpKL8iieBmcgOMw7VCl54i1A==",
            "sku": "PerGB2018",
            "tags": null,
            "timeouts": null,
            "workspace_id": "3dd0deff-15d4-4ebf-a93a-66d5d49c20b5"
          },
          "sensitive_attributes": [
            [
              {
                "type": "get_attr",
                "value": "primary_shared_key"
              }
            ],
            [
              {
                "type": "get_attr",
                "value": "secondary_shared_key"
              }
            ]
          ],
          "identity_schema_version": 0,
          "private": "eyJlMmJmYjczMC1lY2FhLTExZTYtOGY4OC0zNDM2M2JjN2M0YzAiOnsiY3JlYXRlIjoxODAwMDAwMDAwMDAwLCJkZWxldGUiOjE4MDAwMDAwMDAwMDAsInJlYWQiOjMwMDAwMDAwMDAwMCwidXBkYXRlIjoxODAwMDAwMDAwMDAwfSwic2NoZW1hX3ZlcnNpb24iOiIzIn0=",
          "dependencies": [
            "azurerm_resource_group.honeypot_rg"
          ]
        }
      ]
    },
    {
      "mode": "managed",
      "type": "azurerm_monitor_data_collection_rule",
      "name": "honeypot_dcr",
      "provider": "provider[\"registry.terraform.io/hashicorp/azurerm\"]",
      "instances": [
        {
          "schema_version": 0,
          "attributes": {
            "data_collection_endpoint_id": "",
            "data_flow": [
              {
                "built_in_transform": "",
                "destinations": [
                  "la-destination"
                ],
                "output_stream": "",
                "streams": [
                  "Microsoft-Syslog"
                ],
                "transform_kql": ""
              }
            ],
            "data_sources": [
              {
                "data_import": [],
                "extension": [],
                "iis_log": [],
                "log_file": [],
                "performance_counter": [],
                "platform_telemetry": [],
                "prometheus_forwarder": [],
                "syslog": [
                  {
                    "facility_names": [
                      "auth",
                      "authpriv",
                      "daemon"
                    ],
                    "log_levels": [
                      "Debug",
                      "Info",
                      "Notice",
                      "Warning",
                      "Error",
                      "Critical"
                    ],
                    "name": "honeypot-syslog",
                    "streams": [
                      "Microsoft-Syslog"
                    ]
                  }
                ],
                "windows_event_log": [],
                "windows_firewall_log": []
              }
            ],
            "description": "",
            "destinations": [
              {
                "azure_monitor_metrics": [],
                "event_hub": [],
                "event_hub_direct": [],
                "log_analytics": [
                  {
                    "name": "la-destination",
                    "workspace_resource_id": "/subscriptions/b5868a69-a80e-492f-8a42-e360a0b9732c/resourceGroups/Honeypot-Terraform-RG/providers/Microsoft.OperationalInsights/workspaces/HoneypotWorkspace"
                  }
                ],
                "monitor_account": [],
                "storage_blob": [],
                "storage_blob_direct": [],
                "storage_table_direct": []
              }
            ],
            "id": "/subscriptions/b5868a69-a80e-492f-8a42-e360a0b9732c/resourceGroups/Honeypot-Terraform-RG/providers/Microsoft.Insights/dataCollectionRules/honeypot-dcr",
            "identity": [],
            "immutable_id": "dcr-0e8097e0514745ffb5e785959bf6abf2",
            "kind": "",
            "location": "eastus2",
            "name": "honeypot-dcr",
            "resource_group_name": "Honeypot-Terraform-RG",
            "stream_declaration": [],
            "tags": null,
            "timeouts": null
          },
          "sensitive_attributes": [],
          "identity_schema_version": 0,
          "private": "eyJlMmJmYjczMC1lY2FhLTExZTYtOGY4OC0zNDM2M2JjN2M0YzAiOnsiY3JlYXRlIjoxODAwMDAwMDAwMDAwLCJkZWxldGUiOjE4MDAwMDAwMDAwMDAsInJlYWQiOjMwMDAwMDAwMDAwMCwidXBkYXRlIjoxODAwMDAwMDAwMDAwfX0=",
          "dependencies": [
            "azurerm_log_analytics_workspace.honeypot_workspace",
            "azurerm_resource_group.honeypot_rg"
          ]
        }
      ]
    },
    {
      "mode": "managed",
      "type": "azurerm_monitor_data_collection_rule_association",
      "name": "honeypot_dcr_assoc",
      "provider": "provider[\"registry.terraform.io/hashicorp/azurerm\"]",
      "instances": [
        {
          "schema_version": 0,
          "attributes": {
            "data_collection_endpoint_id": "",
            "data_collection_rule_id": "/subscriptions/b5868a69-a80e-492f-8a42-e360a0b9732c/resourceGroups/Honeypot-Terraform-RG/providers/Microsoft.Insights/dataCollectionRules/honeypot-dcr",
            "description": "",
            "id": "/subscriptions/b5868a69-a80e-492f-8a42-e360a0b9732c/resourceGroups/Honeypot-Terraform-RG/providers/Microsoft.Compute/virtualMachines/HoneypotVM/providers/Microsoft.Insights/dataCollectionRuleAssociations/honeypot-dcr-assoc",
            "name": "honeypot-dcr-assoc",
            "target_resource_id": "/subscriptions/b5868a69-a80e-492f-8a42-e360a0b9732c/resourceGroups/Honeypot-Terraform-RG/providers/Microsoft.Compute/virtualMachines/HoneypotVM",
            "timeouts": null
          },
          "sensitive_attributes": [],
          "identity_schema_version": 0,
          "private": "eyJlMmJmYjczMC1lY2FhLTExZTYtOGY4OC0zNDM2M2JjN2M0YzAiOnsiY3JlYXRlIjoxODAwMDAwMDAwMDAwLCJkZWxldGUiOjE4MDAwMDAwMDAwMDAsInJlYWQiOjMwMDAwMDAwMDAwMCwidXBkYXRlIjoxODAwMDAwMDAwMDAwfX0=",
          "dependencies": [
            "azurerm_linux_virtual_machine.honeypot_vm",
            "azurerm_log_analytics_workspace.honeypot_workspace",
            "azurerm_monitor_data_collection_rule.honeypot_dcr",
            "azurerm_network_interface.honeypot_nic",
            "azurerm_public_ip.honeypot_public_ip",
            "azurerm_resource_group.honeypot_rg",
            "azurerm_subnet.honeypot_subnet",
            "azurerm_virtual_network.honeypot_vnet"
          ]
        }
      ]
    },
    {
      "mode": "managed",
      "type": "azurerm_network_interface",
      "name": "honeypot_nic",
      "provider": "provider[\"registry.terraform.io/hashicorp/azurerm\"]",
      "instances": [
        {
          "schema_version": 0,
          "attributes": {
            "accelerated_networking_enabled": false,
            "applied_dns_servers": [],
            "auxiliary_mode": "",
            "auxiliary_sku": "",
            "dns_servers": [],
            "edge_zone": "",
            "enable_accelerated_networking": false,
            "enable_ip_forwarding": false,
            "id": "/subscriptions/b5868a69-a80e-492f-8a42-e360a0b9732c/resourceGroups/Honeypot-Terraform-RG/providers/Microsoft.Network/networkInterfaces/HoneypotNIC",
            "internal_dns_name_label": "",
            "internal_domain_name_suffix": "3m5fxcums0xunlhpojdhoqwz3h.cx.internal.cloudapp.net",
            "ip_configuration": [
              {
                "gateway_load_balancer_frontend_ip_configuration_id": "",
                "name": "internal",
                "primary": true,
                "private_ip_address": "10.0.1.4",
                "private_ip_address_allocation": "Dynamic",
                "private_ip_address_version": "IPv4",
                "public_ip_address_id": "/subscriptions/b5868a69-a80e-492f-8a42-e360a0b9732c/resourceGroups/Honeypot-Terraform-RG/providers/Microsoft.Network/publicIPAddresses/HoneypotPublicIP",
                "subnet_id": "/subscriptions/b5868a69-a80e-492f-8a42-e360a0b9732c/resourceGroups/Honeypot-Terraform-RG/providers/Microsoft.Network/virtualNetworks/HoneypotVNet/subnets/HoneypotSubnet"
              }
            ],
            "ip_forwarding_enabled": false,
            "location": "eastus2",
            "mac_address": "",
            "name": "HoneypotNIC",
            "private_ip_address": "10.0.1.4",
            "private_ip_addresses": [
              "10.0.1.4"
            ],
            "resource_group_name": "Honeypot-Terraform-RG",
            "tags": null,
            "timeouts": null,
            "virtual_machine_id": ""
          },
          "sensitive_attributes": [],
          "identity_schema_version": 0,
          "private": "eyJlMmJmYjczMC1lY2FhLTExZTYtOGY4OC0zNDM2M2JjN2M0YzAiOnsiY3JlYXRlIjoxODAwMDAwMDAwMDAwLCJkZWxldGUiOjE4MDAwMDAwMDAwMDAsInJlYWQiOjMwMDAwMDAwMDAwMCwidXBkYXRlIjoxODAwMDAwMDAwMDAwfX0=",
          "dependencies": [
            "azurerm_public_ip.honeypot_public_ip",
            "azurerm_resource_group.honeypot_rg",
            "azurerm_subnet.honeypot_subnet",
            "azurerm_virtual_network.honeypot_vnet"
          ]
        }
      ]
    },
    {
      "mode": "managed",
      "type": "azurerm_network_interface_security_group_association",
      "name": "nsg_assoc",
      "provider": "provider[\"registry.terraform.io/hashicorp/azurerm\"]",
      "instances": [
        {
          "schema_version": 0,
          "attributes": {
            "id": "/subscriptions/b5868a69-a80e-492f-8a42-e360a0b9732c/resourceGroups/Honeypot-Terraform-RG/providers/Microsoft.Network/networkInterfaces/HoneypotNIC|/subscriptions/b5868a69-a80e-492f-8a42-e360a0b9732c/resourceGroups/Honeypot-Terraform-RG/providers/Microsoft.Network/networkSecurityGroups/HoneypotNSG",
            "network_interface_id": "/subscriptions/b5868a69-a80e-492f-8a42-e360a0b9732c/resourceGroups/Honeypot-Terraform-RG/providers/Microsoft.Network/networkInterfaces/HoneypotNIC",
            "network_security_group_id": "/subscriptions/b5868a69-a80e-492f-8a42-e360a0b9732c/resourceGroups/Honeypot-Terraform-RG/providers/Microsoft.Network/networkSecurityGroups/HoneypotNSG",
            "timeouts": null
          },
          "sensitive_attributes": [],
          "identity_schema_version": 0,
          "private": "eyJlMmJmYjczMC1lY2FhLTExZTYtOGY4OC0zNDM2M2JjN2M0YzAiOnsiY3JlYXRlIjoxODAwMDAwMDAwMDAwLCJkZWxldGUiOjE4MDAwMDAwMDAwMDAsInJlYWQiOjMwMDAwMDAwMDAwMH19",
          "dependencies": [
            "azurerm_network_interface.honeypot_nic",
            "azurerm_network_security_group.honeypot_nsg",
            "azurerm_public_ip.honeypot_public_ip",
            "azurerm_resource_group.honeypot_rg",
            "azurerm_subnet.honeypot_subnet",
            "azurerm_virtual_network.honeypot_vnet"
          ]
        }
      ]
    },
    {
      "mode": "managed",
      "type": "azurerm_network_security_group",
      "name": "honeypot_nsg",
      "provider": "provider[\"registry.terraform.io/hashicorp/azurerm\"]",
      "instances": [
        {
          "schema_version": 0,
          "attributes": {
            "id": "/subscriptions/b5868a69-a80e-492f-8a42-e360a0b9732c/resourceGroups/Honeypot-Terraform-RG/providers/Microsoft.Network/networkSecurityGroups/HoneypotNSG",
            "location": "eastus2",
            "name": "HoneypotNSG",
            "resource_group_name": "Honeypot-Terraform-RG",
            "security_rule": [
              {
                "access": "Allow",
                "description": "",
                "destination_address_prefix": "*",
                "destination_address_prefixes": [],
                "destination_application_security_group_ids": [],
                "destination_port_range": "22",
                "destination_port_ranges": [],
                "direction": "Inbound",
                "name": "AllowSSH",
                "priority": 100,
                "protocol": "Tcp",
                "source_address_prefix": "*",
                "source_address_prefixes": [],
                "source_application_security_group_ids": [],
                "source_port_range": "*",
                "source_port_ranges": []
              }
            ],
            "tags": null,
            "timeouts": null
          },
          "sensitive_attributes": [],
          "identity_schema_version": 0,
          "private": "eyJlMmJmYjczMC1lY2FhLTExZTYtOGY4OC0zNDM2M2JjN2M0YzAiOnsiY3JlYXRlIjoxODAwMDAwMDAwMDAwLCJkZWxldGUiOjE4MDAwMDAwMDAwMDAsInJlYWQiOjMwMDAwMDAwMDAwMCwidXBkYXRlIjoxODAwMDAwMDAwMDAwfX0=",
          "dependencies": [
            "azurerm_resource_group.honeypot_rg"
          ]
        }
      ]
    },
    {
      "mode": "managed",
      "type": "azurerm_public_ip",
      "name": "honeypot_public_ip",
      "provider": "provider[\"registry.terraform.io/hashicorp/azurerm\"]",
      "instances": [
        {
          "schema_version": 0,
          "attributes": {
            "allocation_method": "Static",
            "ddos_protection_mode": "VirtualNetworkInherited",
            "ddos_protection_plan_id": null,
            "domain_name_label": null,
            "edge_zone": "",
            "fqdn": null,
            "id": "/subscriptions/b5868a69-a80e-492f-8a42-e360a0b9732c/resourceGroups/Honeypot-Terraform-RG/providers/Microsoft.Network/publicIPAddresses/HoneypotPublicIP",
            "idle_timeout_in_minutes": 4,
            "ip_address": "20.110.1.37",
            "ip_tags": null,
            "ip_version": "IPv4",
            "location": "eastus2",
            "name": "HoneypotPublicIP",
            "public_ip_prefix_id": null,
            "resource_group_name": "Honeypot-Terraform-RG",
            "reverse_fqdn": null,
            "sku": "Standard",
            "sku_tier": "Regional",
            "tags": null,
            "timeouts": null,
            "zones": null
          },
          "sensitive_attributes": [],
          "identity_schema_version": 0,
          "private": "eyJlMmJmYjczMC1lY2FhLTExZTYtOGY4OC0zNDM2M2JjN2M0YzAiOnsiY3JlYXRlIjoxODAwMDAwMDAwMDAwLCJkZWxldGUiOjE4MDAwMDAwMDAwMDAsInJlYWQiOjMwMDAwMDAwMDAwMCwidXBkYXRlIjoxODAwMDAwMDAwMDAwfX0=",
          "dependencies": [
            "azurerm_resource_group.honeypot_rg"
          ]
        }
      ]
    },
    {
      "mode": "managed",
      "type": "azurerm_resource_group",
      "name": "honeypot_rg",
      "provider": "provider[\"registry.terraform.io/hashicorp/azurerm\"]",
      "instances": [
        {
          "schema_version": 0,
          "attributes": {
            "id": "/subscriptions/b5868a69-a80e-492f-8a42-e360a0b9732c/resourceGroups/Honeypot-Terraform-RG",
            "location": "eastus2",
            "managed_by": "",
            "name": "Honeypot-Terraform-RG",
            "tags": null,
            "timeouts": null
          },
          "sensitive_attributes": [],
          "identity_schema_version": 0,
          "private": "eyJlMmJmYjczMC1lY2FhLTExZTYtOGY4OC0zNDM2M2JjN2M0YzAiOnsiY3JlYXRlIjo1NDAwMDAwMDAwMDAwLCJkZWxldGUiOjU0MDAwMDAwMDAwMDAsInJlYWQiOjMwMDAwMDAwMDAwMCwidXBkYXRlIjo1NDAwMDAwMDAwMDAwfX0="
        }
      ]
    },
    {
      "mode": "managed",
      "type": "azurerm_subnet",
      "name": "honeypot_subnet",
      "provider": "provider[\"registry.terraform.io/hashicorp/azurerm\"]",
      "instances": [
        {
          "schema_version": 0,
          "attributes": {
            "address_prefixes": [
              "10.0.1.0/24"
            ],
            "default_outbound_access_enabled": true,
            "delegation": [],
            "enforce_private_link_endpoint_network_policies": false,
            "enforce_private_link_service_network_policies": false,
            "id": "/subscriptions/b5868a69-a80e-492f-8a42-e360a0b9732c/resourceGroups/Honeypot-Terraform-RG/providers/Microsoft.Network/virtualNetworks/HoneypotVNet/subnets/HoneypotSubnet",
            "name": "HoneypotSubnet",
            "private_endpoint_network_policies": "Enabled",
            "private_endpoint_network_policies_enabled": true,
            "private_link_service_network_policies_enabled": true,
            "resource_group_name": "Honeypot-Terraform-RG",
            "service_endpoint_policy_ids": null,
            "service_endpoints": null,
            "timeouts": null,
            "virtual_network_name": "HoneypotVNet"
          },
          "sensitive_attributes": [],
          "identity_schema_version": 0,
          "private": "eyJlMmJmYjczMC1lY2FhLTExZTYtOGY4OC0zNDM2M2JjN2M0YzAiOnsiY3JlYXRlIjoxODAwMDAwMDAwMDAwLCJkZWxldGUiOjE4MDAwMDAwMDAwMDAsInJlYWQiOjMwMDAwMDAwMDAwMCwidXBkYXRlIjoxODAwMDAwMDAwMDAwfX0=",
          "dependencies": [
            "azurerm_resource_group.honeypot_rg",
            "azurerm_virtual_network.honeypot_vnet"
          ]
        }
      ]
    },
    {
      "mode": "managed",
      "type": "azurerm_virtual_machine_extension",
      "name": "ama",
      "provider": "provider[\"registry.terraform.io/hashicorp/azurerm\"]",
      "instances": [
        {
          "schema_version": 0,
          "attributes": {
            "auto_upgrade_minor_version": true,
            "automatic_upgrade_enabled": false,
            "failure_suppression_enabled": false,
            "id": "/subscriptions/b5868a69-a80e-492f-8a42-e360a0b9732c/resourceGroups/Honeypot-Terraform-RG/providers/Microsoft.Compute/virtualMachines/HoneypotVM/extensions/AzureMonitorLinuxAgent",
            "name": "AzureMonitorLinuxAgent",
            "protected_settings": null,
            "protected_settings_from_key_vault": [],
            "provision_after_extensions": null,
            "publisher": "Microsoft.Azure.Monitor",
            "settings": null,
            "tags": null,
            "timeouts": null,
            "type": "AzureMonitorLinuxAgent",
            "type_handler_version": "1.30",
            "virtual_machine_id": "/subscriptions/b5868a69-a80e-492f-8a42-e360a0b9732c/resourceGroups/Honeypot-Terraform-RG/providers/Microsoft.Compute/virtualMachines/HoneypotVM"
          },
          "sensitive_attributes": [
            [
              {
                "type": "get_attr",
                "value": "protected_settings"
              }
            ]
          ],
          "identity_schema_version": 0,
          "private": "eyJlMmJmYjczMC1lY2FhLTExZTYtOGY4OC0zNDM2M2JjN2M0YzAiOnsiY3JlYXRlIjoxODAwMDAwMDAwMDAwLCJkZWxldGUiOjE4MDAwMDAwMDAwMDAsInJlYWQiOjMwMDAwMDAwMDAwMCwidXBkYXRlIjoxODAwMDAwMDAwMDAwfX0=",
          "dependencies": [
            "azurerm_linux_virtual_machine.honeypot_vm",
            "azurerm_network_interface.honeypot_nic",
            "azurerm_public_ip.honeypot_public_ip",
            "azurerm_resource_group.honeypot_rg",
            "azurerm_subnet.honeypot_subnet",
            "azurerm_virtual_network.honeypot_vnet"
          ]
        }
      ]
    },
    {
      "mode": "managed",
      "type": "azurerm_virtual_network",
      "name": "honeypot_vnet",
      "provider": "provider[\"registry.terraform.io/hashicorp/azurerm\"]",
      "instances": [
        {
          "schema_version": 0,
          "attributes": {
            "address_space": [
              "10.0.0.0/16"
            ],
            "bgp_community": "",
            "ddos_protection_plan": [],
            "dns_servers": [],
            "edge_zone": "",
            "encryption": [],
            "flow_timeout_in_minutes": 0,
            "guid": "8a5b3eeb-968c-46af-acef-72467742d9ef",
            "id": "/subscriptions/b5868a69-a80e-492f-8a42-e360a0b9732c/resourceGroups/Honeypot-Terraform-RG/providers/Microsoft.Network/virtualNetworks/HoneypotVNet",
            "location": "eastus2",
            "name": "HoneypotVNet",
            "resource_group_name": "Honeypot-Terraform-RG",
            "subnet": [],
            "tags": null,
            "timeouts": null
          },
          "sensitive_attributes": [],
          "identity_schema_version": 0,
          "private": "eyJlMmJmYjczMC1lY2FhLTExZTYtOGY4OC0zNDM2M2JjN2M0YzAiOnsiY3JlYXRlIjoxODAwMDAwMDAwMDAwLCJkZWxldGUiOjE4MDAwMDAwMDAwMDAsInJlYWQiOjMwMDAwMDAwMDAwMCwidXBkYXRlIjoxODAwMDAwMDAwMDAwfX0=",
          "dependencies": [
            "azurerm_resource_group.honeypot_rg"
          ]
        }
      ]
    }
  ],
  "check_results": null
}
